
Microsoft Visual Studio Solution File, Format Version 12.00
# Visual Studio Version 17
VisualStudioVersion = 17.7.34024.191
MinimumVisualStudioVersion = 10.0.40219.1
Project("{9A19103F-16F7-4668-BE54-9A1E7A4F7556}") = "mysite-back-asp.net", "my-site-back-asp.net\mysite-back-asp.net.csproj", "{F17E2E8A-5303-4CD1-BBA7-3A31B0255097}"
EndProject
Project("{9A19103F-16F7-4668-BE54-9A1E7A4F7556}") = "Application", "Application\Application.csproj", "{2947DFDE-A0E5-44CF-A960-A43AF3E5FADB}"
EndProject
Project("{9A19103F-16F7-4668-BE54-9A1E7A4F7556}") = "Domain", "Domain\Domain.csproj", "{7A5F2104-A77F-45F0-ABFC-C2885E7A4053}"
EndProject
Project("{9A19103F-16F7-4668-BE54-9A1E7A4F7556}") = "UnitsTest", "UnitsTest\UnitsTest.csproj", "{222FAAB0-0874-4949-A326-6B0683B3129C}"
EndProject
Project("{9A19103F-16F7-4668-BE54-9A1E7A4F7556}") = "SnowFall", "SnowFall\SnowFall\SnowFall.csproj", "{40070C50-CC60-4D0A-9770-9420748973AE}"
EndProject
Project("{2150E333-8FDC-42A3-9474-1A3956D46DE8}") = "Package", "Package", "{C596CE52-1348-4AC6-8327-2FA3E2BE55E3}"
EndProject
Project("{9A19103F-16F7-4668-BE54-9A1E7A4F7556}") = "Infrastructure", "SnowFall\Infrastructure\Infrastructure.csproj", "{E8BAB4A8-1040-4885-B617-89BF6BCA71F4}"
EndProject
Project("{9A19103F-16F7-4668-BE54-9A1E7A4F7556}") = "Infra", "Infra\Infra.csproj", "{A89DDFA1-7CF2-4931-8326-895F31455496}"
EndProject
Global
	GlobalSection(SolutionConfigurationPlatforms) = preSolution
		Debug|Any CPU = Debug|Any CPU
		Release|Any CPU = Release|Any CPU
	EndGlobalSection
	GlobalSection(ProjectConfigurationPlatforms) = postSolution
		{F17E2E8A-5303-4CD1-BBA7-3A31B0255097}.Debug|Any CPU.ActiveCfg = Debug|Any CPU
		{F17E2E8A-5303-4CD1-BBA7-3A31B0255097}.Debug|Any CPU.Build.0 = Debug|Any CPU
		{F17E2E8A-5303-4CD1-BBA7-3A31B0255097}.Release|Any CPU.ActiveCfg = Release|Any CPU
		{F17E2E8A-5303-4CD1-BBA7-3A31B0255097}.Release|Any CPU.Build.0 = Release|Any CPU
		{2947DFDE-A0E5-44CF-A960-A43AF3E5FADB}.Debug|Any CPU.ActiveCfg = Debug|Any CPU
		{2947DFDE-A0E5-44CF-A960-A43AF3E5FADB}.Debug|Any CPU.Build.0 = Debug|Any CPU
		{2947DFDE-A0E5-44CF-A960-A43AF3E5FADB}.Release|Any CPU.ActiveCfg = Release|Any CPU
		{2947DFDE-A0E5-44CF-A960-A43AF3E5FADB}.Release|Any CPU.Build.0 = Release|Any CPU
		{7A5F2104-A77F-45F0-ABFC-C2885E7A4053}.Debug|Any CPU.ActiveCfg = Debug|Any CPU
		{7A5F2104-A77F-45F0-ABFC-C2885E7A4053}.Debug|Any CPU.Build.0 = Debug|Any CPU
		{7A5F2104-A77F-45F0-ABFC-C2885E7A4053}.Release|Any CPU.ActiveCfg = Release|Any CPU
		{7A5F2104-A77F-45F0-ABFC-C2885E7A4053}.Release|Any CPU.Build.0 = Release|Any CPU
		{222FAAB0-0874-4949-A326-6B0683B3129C}.Debug|Any CPU.ActiveCfg = Debug|Any CPU
		{222FAAB0-0874-4949-A326-6B0683B3129C}.Debug|Any CPU.Build.0 = Debug|Any CPU
		{222FAAB0-0874-4949-A326-6B0683B3129C}.Release|Any CPU.ActiveCfg = Release|Any CPU
		{222FAAB0-0874-4949-A326-6B0683B3129C}.Release|Any CPU.Build.0 = Release|Any CPU
		{40070C50-CC60-4D0A-9770-9420748973AE}.Debug|Any CPU.ActiveCfg = Debug|Any CPU
		{40070C50-CC60-4D0A-9770-9420748973AE}.Debug|Any CPU.Build.0 = Debug|Any CPU
		{40070C50-CC60-4D0A-9770-9420748973AE}.Release|Any CPU.ActiveCfg = Release|Any CPU
		{40070C50-CC60-4D0A-9770-9420748973AE}.Release|Any CPU.Build.0 = Release|Any CPU
		{E8BAB4A8-1040-4885-B617-89BF6BCA71F4}.Debug|Any CPU.ActiveCfg = Debug|Any CPU
		{E8BAB4A8-1040-4885-B617-89BF6BCA71F4}.Debug|Any CPU.Build.0 = Debug|Any CPU
		{E8BAB4A8-1040-4885-B617-89BF6BCA71F4}.Release|Any CPU.ActiveCfg = Release|Any CPU
		{E8BAB4A8-1040-4885-B617-89BF6BCA71F4}.Release|Any CPU.Build.0 = Release|Any CPU
		{A89DDFA1-7CF2-4931-8326-895F31455496}.Debug|Any CPU.ActiveCfg = Debug|Any CPU
		{A89DDFA1-7CF2-4931-8326-895F31455496}.Debug|Any CPU.Build.0 = Debug|Any CPU
		{A89DDFA1-7CF2-4931-8326-895F31455496}.Release|Any CPU.ActiveCfg = Release|Any CPU
		{A89DDFA1-7CF2-4931-8326-895F31455496}.Release|Any CPU.Build.0 = Release|Any CPU
	EndGlobalSection
	GlobalSection(SolutionProperties) = preSolution
		HideSolutionNode = FALSE
	EndGlobalSection
	GlobalSection(NestedProjects) = preSolution
		{40070C50-CC60-4D0A-9770-9420748973AE} = {C596CE52-1348-4AC6-8327-2FA3E2BE55E3}
		{E8BAB4A8-1040-4885-B617-89BF6BCA71F4} = {C596CE52-1348-4AC6-8327-2FA3E2BE55E3}
	EndGlobalSection
	GlobalSection(ExtensibilityGlobals) = postSolution
		SolutionGuid = {0900055F-FB53-4BAB-9F82-145107D5A164}
	EndGlobalSection
EndGlobal
